{
  "lockfileVersion": 2,
  "configVersion": 1,
  "workspaces": {
    "": {
      "name": "ndeso",
      "devDependencies": {
        "@bale/shared": "workspace:*",
        "@biomejs/biome": "2.3.14",
        "@gltf-transform/cli": "4.5.0",
        "@types/three": "~0.186.0",
        "bun-types": "1.4.1",
        "inkjs": "2.4.0",
        "typescript": "5.9.3",
      },
    },
    "apps/client": {
      "name": "@bale/client",
      "version": "0.0.0",
      "dependencies": {
        "@bale/content": "workspace:*",
        "@bale/shared": "workspace:*",
        "@bale/sim": "workspace:*",
        "@preact/signals": "2.11.2",
        "inkjs": "2.4.0",
        "preact": "10.29.8",
        "three": "0.186.1",
      },
    },
    "packages/content": {
      "name": "@bale/content",
      "version": "0.0.0",
      "dependencies": {
        "@bale/shared": "workspace:*",
      },
    },
    "packages/shared": {
      "name": "@bale/shared",
      "version": "0.0.0",
      "dependencies": {
        "zod": "4.1.12",
      },
    },
    "packages/sim": {
      "name": "@bale/sim",
      "version": "0.0.0",
      "dependencies": {
        "@bale/shared": "workspace:*",
      },
    },
  },
  "packages": {
    "@bale/client": ["@bale/client@workspace:apps/client"],

    "@bale/content": ["@bale/content@workspace:packages/content"],

    "@bale/shared": ["@bale/shared@workspace:packages/shared"],

    "@bale/sim": ["@bale/sim@workspace:packages/sim"],

    "@biomejs/biome": ["@biomejs/biome@2.3.14", "", { "optionalDependencies": { "@biomejs/cli-darwin-arm64": "2.3.14", "@biomejs/cli-darwin-x64": "2.3.14", "@biomejs/cli-linux-arm64": "2.3.14", "@biomejs/cli-linux-arm64-musl": "2.3.14", "@biomejs/cli-linux-x64": "2.3.14", "@biomejs/cli-linux-x64-musl": "2.3.14", "@biomejs/cli-win32-arm64": "2.3.14", "@biomejs/cli-win32-x64": "2.3.14" }, "bin": { "biome": "bin/biome" } }, "sha512-QMT6QviX0WqXJCaiqVMiBUCr5WRQ1iFSjvOLoTk6auKukJMvnMzWucXpwZB0e8F00/1/BsS9DzcKgWH+CLqVuA=="],

    "@biomejs/cli-darwin-arm64": ["@biomejs/cli-darwin-arm64@2.3.14", "", { "os": "darwin", "cpu": "arm64" }, "sha512-UJGPpvWJMkLxSRtpCAKfKh41Q4JJXisvxZL8ChN1eNW3m/WlPFJ6EFDCE7YfUb4XS8ZFi3C1dFpxUJ0Ety5n+A=="],

    "@biomejs/cli-darwin-x64": ["@biomejs/cli-darwin-x64@2.3.14", "", { "os": "darwin", "cpu": "x64" }, "sha512-PNkLNQG6RLo8lG7QoWe/hhnMxJIt1tEimoXpGQjwS/dkdNiKBLPv4RpeQl8o3s1OKI3ZOR5XPiYtmbGGHAOnLA=="],

    "@biomejs/cli-linux-arm64": ["@biomejs/cli-linux-arm64@2.3.14", "", { "os": "linux", "cpu": "arm64" }, "sha512-KT67FKfzIw6DNnUNdYlBg+eU24Go3n75GWK6NwU4+yJmDYFe9i/MjiI+U/iEzKvo0g7G7MZqoyrhIYuND2w8QQ=="],

    "@biomejs/cli-linux-arm64-musl": ["@biomejs/cli-linux-arm64-musl@2.3.14", "", { "os": "linux", "cpu": "arm64" }, "sha512-LInRbXhYujtL3sH2TMCH/UBwJZsoGwfQjBrMfl84CD4hL/41C/EU5mldqf1yoFpsI0iPWuU83U+nB2TUUypWeg=="],

    "@biomejs/cli-linux-x64": ["@biomejs/cli-linux-x64@2.3.14", "", { "os": "linux", "cpu": "x64" }, "sha512-ZsZzQsl9U+wxFrGGS4f6UxREUlgHwmEfu1IrXlgNFrNnd5Th6lIJr8KmSzu/+meSa9f4rzFrbEW9LBBA6ScoMA=="],

    "@biomejs/cli-linux-x64-musl": ["@biomejs/cli-linux-x64-musl@2.3.14", "", { "os": "linux", "cpu": "x64" }, "sha512-KQU7EkbBBuHPW3/rAcoiVmhlPtDSGOGRPv9js7qJVpYTzjQmVR+C9Rfcz+ti8YCH+zT1J52tuBybtP4IodjxZQ=="],

    "@biomejs/cli-win32-arm64": ["@biomejs/cli-win32-arm64@2.3.14", "", { "os": "win32", "cpu": "arm64" }, "sha512-+IKYkj/pUBbnRf1G1+RlyA3LWiDgra1xpS7H2g4BuOzzRbRB+hmlw0yFsLprHhbbt7jUzbzAbAjK/Pn0FDnh1A=="],

    "@biomejs/cli-win32-x64": ["@biomejs/cli-win32-x64@2.3.14", "", { "os": "win32", "cpu": "x64" }, "sha512-oizCjdyQ3WJEswpb3Chdngeat56rIdSYK12JI3iI11Mt5T5EXcZ7WLuowzEaFPNJ3zmOQFliMN8QY1Pi+qsfdQ=="],

    "@colors/colors": ["@colors/colors@1.5.0", "", {}, "sha512-ooWCrlZP11i8GImSjTHYHLkvFDP48nS4+204nGb1RiX/WXYHmJA2III9/e2DWVabCESdW7hBAEzHRqUn9OUVvQ=="],

    "@dabh/diagnostics": ["@dabh/diagnostics@2.0.9", "", { "dependencies": { "@so-ric/colorspace": "^1.1.6", "enabled": "2.0.x", "kuler": "^2.0.0" } }, "sha512-R6siwR65Hm+3yfgP7o8DKhNvputQAwfoz9zTc3kyDudnomj2/BcLmD+uGQQPICjuFUp8ounPBU+jmKsocwVVAg=="],

    "@dimforge/rapier3d-compat": ["@dimforge/rapier3d-compat@0.12.0", "", {}, "sha512-uekIGetywIgopfD97oDL5PfeezkFpNhwlzlaEYNOA0N6ghdsOvh/HYjSMek5Q2O1PYvRSDFcqFVJl4r4ZBwOow=="],

    "@donmccurdy/caporal": ["@donmccurdy/caporal@0.0.10", "", { "dependencies": { "@types/glob": "^8.1.0", "@types/lodash": "^4.14.197", "@types/node": "20.5.6", "@types/table": "5.0.0", "@types/wrap-ansi": "^8.0.1", "chalk": "3.0.0", "glob": "^10.3.3", "lodash": "^4.17.21", "table": "5.4.6", "winston": "3.10.0", "wrap-ansi": "^8.1.0" } }, "sha512-VdaJjOqYFYcDTM5We2x8cL+B+U9UFQvq0iW2ypqEGX31SDf2oYFjEg7INEJorBwJJnFNXV8jXoYGzJyLeYl1EQ=="],

    "@emnapi/runtime": ["@emnapi/runtime@1.11.3", "", { "dependencies": { "tslib": "^2.4.0" } }, "sha512-Xz4Tpyki7XyrpbUK1jR1AhdAdaXyhhY4lZ3neLodmhpuWfy2PAQN5B46sAiU4liOXGLkHypn/qU+jvfWSCYYLA=="],

    "@gltf-transform/cli": ["@gltf-transform/cli@4.5.0", "", { "dependencies": { "@donmccurdy/caporal": "~0.0.10", "@gltf-transform/core": "^4.5.0", "@gltf-transform/extensions": "^4.5.0", "@gltf-transform/functions": "^4.5.0", "@types/micromatch": "~4.0.10", "@types/prompts": "^2.4.9", "@types/tmp": "~0.2.6", "cli-table3": "~0.6.5", "csv-stringify": "~6.8.3", "draco3dgltf": "~1.5.7", "gltf-validator": "~2.0.0-dev.3.10", "keyframe-resample": "~0.1.0", "ktx-parse": "^1.1.0", "listr2": "~8.3.3", "meshoptimizer": "~1.2.0", "micromatch": "~4.0.8", "mikktspace": "~1.1.1", "prompts": "^2.4.2", "sharp": "~0.35.3", "tmp": "~0.2.7", "watlas": "^1.0.1" }, "bin": { "gltf-transform": "./bin/cli.js" } }, "sha512-0i/qco9bR1tva3wI7iksrdcQoZmgFn4WFMJnKOWqXWdX/a2T+mrNomfGUEfFqMSI26JPSZXqasXyHiytiEpodQ=="],

    "@gltf-transform/core": ["@gltf-transform/core@4.5.0", "", { "dependencies": { "property-graph": "^4.1.0" } }, "sha512-JlvShvnB4AtfGZqjnESS/wfPJbpVnyHhTwJBbWN4qXqkB3C5HIoxxpu/orwGBge6Pc0zObeWj70lVf+4gbuu0A=="],

    "@gltf-transform/extensions": ["@gltf-transform/extensions@4.5.0", "", { "dependencies": { "@gltf-transform/core": "^4.5.0", "ktx-parse": "^1.1.0" } }, "sha512-J4cKzrmEr75YkrtdI4cKosBg2vDC4rT56aq/QoijW7GT1Y9gSEMJbqyFO9xcFO3FNpZaZiDrHWUqE5Okrl5nOQ=="],

    "@gltf-transform/functions": ["@gltf-transform/functions@4.5.0", "", { "dependencies": { "@gltf-transform/core": "^4.5.0", "@gltf-transform/extensions": "^4.5.0", "ktx-parse": "^1.1.0", "ndarray": "^1.0.19", "ndarray-lanczos": "^0.3.0", "ndarray-pixels": "^5.2.0" } }, "sha512-7sMOuEfksMyF+/NTwUnEOgh7djohJ5XfeYg8rzXDG+9JIdbGVUpvJUY3XVBJCUJJ04dusDvcTHloOi1wfM8lnw=="],

    "@img/colour": ["@img/colour@1.1.0", "", {}, "sha512-Td76q7j57o/tLVdgS746cYARfSyxk8iEfRxewL9h4OMzYhbW4TAcppl0mT4eyqXddh6L/jwoM75mo7ixa/pCeQ=="],

    "@img/sharp-darwin-arm64": ["@img/sharp-darwin-arm64@0.35.5", "", { "optionalDependencies": { "@img/sharp-libvips-darwin-arm64": "1.3.4" }, "os": "darwin", "cpu": "arm64" }, "sha512-QRUlFQ0WxvdWyqqG/WtI3iupfD5rBzmCHXSdPsY91sAtVtTo7Q4cb6zOccZ3gqEqkr0f1As1ehLqmEpDsRf+lg=="],

    "@img/sharp-darwin-x64": ["@img/sharp-darwin-x64@0.35.5", "", { "optionalDependencies": { "@img/sharp-libvips-darwin-x64": "1.3.4" }, "os": "darwin", "cpu": "x64" }, "sha512-+BR255RhDlpygUpOc/Jdt1nT6DQ3XG/ERo5wbcdOf5Q320dKtPCKPLR1LJs9VGXRaMa8l1uUa0tkCNOXiAxZUw=="],

    "@img/sharp-freebsd-wasm32": ["@img/sharp-freebsd-wasm32@0.35.5", "", { "dependencies": { "@img/sharp-wasm32": "0.35.5" }, "os": "freebsd" }, "sha512-Y/z91nEZ4uIBX5X3nfTovjU9lHNKFYbL2lpHCLVNmXQK03VIZvXBBt0KxbPGp2SdGSF+2mQU4e+hQaWOt86iAw=="],

    "@img/sharp-libvips-darwin-arm64": ["@img/sharp-libvips-darwin-arm64@1.3.4", "", { "os": "darwin", "cpu": "arm64" }, "sha512-5R89nBYiRdUlSWJxPhO+GVtaXzXSxKnRu/xqMn3KTA3L9EB9Oy/P+Nn2f2vlhPuUdy/Zusb2DarbyTpGCfEDuw=="],

    "@img/sharp-libvips-darwin-x64": ["@img/sharp-libvips-darwin-x64@1.3.4", "", { "os": "darwin", "cpu": "x64" }, "sha512-iR2OKH80yi0U+dUplyh3/xdpFvps6YkCwsXenIJxqxR1v9o+xtKTGbS9H7cps+2Vxjc8B1j96p75NmTGjIhtpQ=="],

    "@img/sharp-libvips-linux-arm": ["@img/sharp-libvips-linux-arm@1.3.4", "", { "os": "linux", "cpu": "arm" }, "sha512-LmRtTsOHuvM2+wlO2Db37dx5MiZhB0FvSunciw48YjdOkZz9KAiRbm8ujeMOA1INqmei5NapFxYEK1D1ZSidmw=="],

    "@img/sharp-libvips-linux-arm64": ["@img/sharp-libvips-linux-arm64@1.3.4", "", { "os": "linux", "cpu": "arm64" }, "sha512-Y3dgX/6lE2QhQb+Gxy0WZxfg9MEm/JBjamZpS2IklP7xIQoKN4hzAm7KcMVGtaVDt3neE9OKBC7vAfonA/Lr1A=="],

    "@img/sharp-libvips-linux-ppc64": ["@img/sharp-libvips-linux-ppc64@1.3.4", "", { "os": "linux", "cpu": "ppc64" }, "sha512-Le6boB8Tai0Nis+gIxIpKx68UDVVIqdR8Tin5Yf1z2LJJQLDJvCDRqRu+jC2qCoD+eIomonmOwB4smBRxfVpYQ=="],

    "@img/sharp-libvips-linux-riscv64": ["@img/sharp-libvips-linux-riscv64@1.3.4", "", { "os": "linux", "cpu": "none" }, "sha512-aHkkIEHPRdQEegJN20MLmGtxYD9R2wQr3Cwpddnu5+YKMt6Uzax7S9h5gpZTo8wyrGuZSlfQ63OevL5mTyOC7Q=="],

    "@img/sharp-libvips-linux-s390x": ["@img/sharp-libvips-linux-s390x@1.3.4", "", { "os": "linux", "cpu": "s390x" }, "sha512-ra/mB6MikESDUO7Yg+Mi95bFBb9GsObURuhnOv3OqknjGe9sZrG8tCe9q0xSIGrtLgvgw0gKnFWcK4blSgQOuQ=="],

    "@img/sharp-libvips-linux-x64": ["@img/sharp-libvips-linux-x64@1.3.4", "", { "os": "linux", "cpu": "x64" }, "sha512-GJ//SSXbnwSDes02umB3nDJLFcQzw8a18V8fyhqr6tV515tOEMdImjjxj1AoafMRz56F3PHgftnj1QEKSU1zkw=="],

    "@img/sharp-libvips-linuxmusl-arm64": ["@img/sharp-libvips-linuxmusl-arm64@1.3.4", "", { "os": "linux", "cpu": "arm64" }, "sha512-hvulFwtjUcagsis6BBxHwGFwWoNZjgYmULGVrZcyfNbjA8hKILbRxGg15/7w5HDyXHXUos/j6baAWqnCyQ2DWA=="],

    "@img/sharp-libvips-linuxmusl-x64": ["@img/sharp-libvips-linuxmusl-x64@1.3.4", "", { "os": "linux", "cpu": "x64" }, "sha512-6zXKeE/p39I1AmA3cJG35eyBGNqNddLnUXjhwBnsGjFPWqf5VKkDBEqaEkPDoTEtkxwi2vv8Tcr2mDyP4So7Fg=="],

    "@img/sharp-linux-arm": ["@img/sharp-linux-arm@0.35.5", "", { "optionalDependencies": { "@img/sharp-libvips-linux-arm": "1.3.4" }, "os": "linux", "cpu": "arm" }, "sha512-LEaXK2WdXVK5ykcw0buWyPMsmLLL2vpHLD6yrNSW+JGEL3BZPA4tpKN6iaMc4AxTTAoaX/sU1rOL51lcIz48ZQ=="],

    "@img/sharp-linux-arm64": ["@img/sharp-linux-arm64@0.35.5", "", { "optionalDependencies": { "@img/sharp-libvips-linux-arm64": "1.3.4" }, "os": "linux", "cpu": "arm64" }, "sha512-LYVx5JTsOM2CBzmxreh+nl64/3H6Xb09iSLknqH47z2T2DFFxDeFLP5y4dJwe6H7uGQlHPyEEtIqyo3DYsRwdQ=="],

    "@img/sharp-linux-ppc64": ["@img/sharp-linux-ppc64@0.35.5", "", { "optionalDependencies": { "@img/sharp-libvips-linux-ppc64": "1.3.4" }, "os": "linux", "cpu": "ppc64" }, "sha512-QVxAAq8evVRI9ia2vqgwrmWucn5Dfv+JdWzj75pD8omHLPSP7f8p20O8jxzjCcuCEQEOtYOZUmX1hkiZ0kdevA=="],

    "@img/sharp-linux-riscv64": ["@img/sharp-linux-riscv64@0.35.5", "", { "optionalDependencies": { "@img/sharp-libvips-linux-riscv64": "1.3.4" }, "os": "linux", "cpu": "none" }, "sha512-LtdreXguaavKODPIfzJ4kffx7UNt1omwtK0rch4EBbbSTXPnxWmYSayXdLJw0fJzQ97kHt1gL/yh4tvU+nCyRQ=="],

    "@img/sharp-linux-s390x": ["@img/sharp-linux-s390x@0.35.5", "", { "optionalDependencies": { "@img/sharp-libvips-linux-s390x": "1.3.4" }, "os": "linux", "cpu": "s390x" }, "sha512-UZasTOFiYzotTsGOCu42BfUzP6Tu6Do/947iRm1RsLKvlllxwGcn4RN27LibGWceix4Y+Pmw3jsnTcCQIgWjqA=="],

    "@img/sharp-linux-x64": ["@img/sharp-linux-x64@0.35.5", "", { "optionalDependencies": { "@img/sharp-libvips-linux-x64": "1.3.4" }, "os": "linux", "cpu": "x64" }, "sha512-SxFtLTeJInhAA9Q836kux2vZNeOBQEx658qvbboZScr0wIARym3IcGmW7KpVD5sbVg0Ojy+udFQdayYIZyoNog=="],

    "@img/sharp-linuxmusl-arm64": ["@img/sharp-linuxmusl-arm64@0.35.5", "", { "optionalDependencies": { "@img/sharp-libvips-linuxmusl-arm64": "1.3.4" }, "os": "linux", "cpu": "arm64" }, "sha512-9HbMclmI1zlNkFRs3z9/eBtDjfD0sGlrX1z6b1qwmiFY5ElDLh4BC0LPBdVp7z1DXFiKlIcznf+ZlsuZzLxQqg=="],

    "@img/sharp-linuxmusl-x64": ["@img/sharp-linuxmusl-x64@0.35.5", "", { "optionalDependencies": { "@img/sharp-libvips-linuxmusl-x64": "1.3.4" }, "os": "linux", "cpu": "x64" }, "sha512-4KOphqB035HrVdqLZfCgMzzERrQkkzOwRhl4OAkRO1YCldbaFjySXMaK534Mo0V+LndnlJk+sbUyLeU0ULyD1A=="],

    "@img/sharp-wasm32": ["@img/sharp-wasm32@0.35.5", "", { "dependencies": { "@emnapi/runtime": "^1.11.3" } }, "sha512-Ptsga1su4tQx+LLF1ECS9U6nz5kmrXKo6XVbtR48Ke3ZRxxgaWBu7IDtEe1quo8hiupwm6WFqxVlXaSf7IINGQ=="],

    "@img/sharp-webcontainers-wasm32": ["@img/sharp-webcontainers-wasm32@0.35.5", "", { "dependencies": { "@img/sharp-wasm32": "0.35.5" }, "cpu": "none" }, "sha512-hfhF/FmoQyTUkA0bIKFOtw536BQSeBMe6BF6QyWlrPxT754+TFLaZ7sKKTfvvM0yJgKgaYTwnFCIZ/GuDw5SUA=="],

    "@img/sharp-win32-arm64": ["@img/sharp-win32-arm64@0.35.5", "", { "os": "win32", "cpu": "arm64" }, "sha512-X4t7g+7ZA5DKblCBEXGjUqqemj4vczING/5viFwAL8h4N3qYeyjwdCvRLHi4EdOUI+2Z7UFlp1VM+p/AuEtm6Q=="],

    "@img/sharp-win32-ia32": ["@img/sharp-win32-ia32@0.35.5", "", { "os": "win32", "cpu": "ia32" }, "sha512-5Zm82LoBc43nhwNybZlG7Y1KO//Zhsn306fQl29ZOuStHLGTo3BWL83q3cznX0poxSAMuYL1On/BHBxkBeKr6A=="],

    "@img/sharp-win32-x64": ["@img/sharp-win32-x64@0.35.5", "", { "os": "win32", "cpu": "x64" }, "sha512-x76eH0vEiHlcMQu8Y8IenntaACtddpT6W0wmXtWrnKcnKI7ME5DdgqhAD6SEWOEl1v2zDvkZDhFA9KnURwpfqg=="],

    "@isaacs/cliui": ["@isaacs/cliui@8.0.2", "", { "dependencies": { "string-width": "^5.1.2", "string-width-cjs": "npm:string-width@^4.2.0", "strip-ansi": "^7.0.1", "strip-ansi-cjs": "npm:strip-ansi@^6.0.1", "wrap-ansi": "^8.1.0", "wrap-ansi-cjs": "npm:wrap-ansi@^7.0.0" } }, "sha512-O8jcjabXaleOG9DQ0+ARXWZBTfnP4WNAqzuiJK7ll44AmxGKv/J2M4TPjxjY3znBCfvBXFzucm1twdyFybFqEA=="],

    "@pkgjs/parseargs": ["@pkgjs/parseargs@0.11.0", "", {}, "sha512-+1VkjdD0QBLPodGrJUeqarH8VAIvQODIbwh9XpP5Syisf7YoQgsJKPNFoqqLQlu+VQ/tVSshMR6loPMn8U+dPg=="],

    "@preact/signals": ["@preact/signals@2.11.2", "", { "dependencies": { "@preact/signals-core": "^1.14.4" }, "peerDependencies": { "preact": ">= 10.25.0 || >=11.0.0-0" } }, "sha512-rVTRTt/T0HIRgbugwS5FigbfF/kfdEFYFtiqxa+lbpqTajepqnR0firuAS2iNdHyejWB7Yc9p9QePkVNBtTAwg=="],

    "@preact/signals-core": ["@preact/signals-core@1.14.4", "", {}, "sha512-HNB6HYeYKhQbJ1aKl+YRjrS4+QWHLKX6qKoUsfS/m0vqzsVaEBiZiaKbG/e+NKk2ch5ALQr/ihWaMHxiCuuWHA=="],

    "@so-ric/colorspace": ["@so-ric/colorspace@1.1.6", "", { "dependencies": { "color": "^5.0.2", "text-hex": "1.0.x" } }, "sha512-/KiKkpHNOBgkFJwu9sh48LkHSMYGyuTcSFK/qMBdnOAlrRJzRSXAOFB5qwzaVQuDl8wAvHVMkaASQDReTahxuw=="],

    "@tweenjs/tween.js": ["@tweenjs/tween.js@23.1.3", "", {}, "sha512-vJmvvwFxYuGnF2axRtPYocag6Clbb5YS7kLL+SO/TeVFzHqDIWrNKYtcsPMibjDx9O+bu+psAy9NKfWklassUA=="],

    "@types/braces": ["@types/braces@3.0.5", "", {}, "sha512-SQFof9H+LXeWNz8wDe7oN5zu7ket0qwMu5vZubW4GCJ8Kkeh6nBWUz87+KTz/G3Kqsrp0j/W253XJb3KMEeg3w=="],

    "@types/glob": ["@types/glob@8.1.0", "", { "dependencies": { "@types/minimatch": "^5.1.2", "@types/node": "*" } }, "sha512-IO+MJPVhoqz+28h1qLAcBEH2+xHMK6MTyHJc7MTnnYb6wsoLR29POVGJ7LycmVXIqyy/4/2ShP5sUwTXuOwb/w=="],

    "@types/lodash": ["@types/lodash@4.17.25", "", {}, "sha512-+K1NIO8I+F9/wNulfVvu23QYd0Pe9/OCqRrim4NoYIf1VoEDL90Ve4ClzpyqBLc7NpGGWRvYNCKZ1BE/Jpf8dQ=="],

    "@types/micromatch": ["@types/micromatch@4.0.10", "", { "dependencies": { "@types/braces": "*" } }, "sha512-5jOhFDElqr4DKTrTEbnW8DZ4Hz5LRUEmyrGpCMrD/NphYv3nUnaF08xmSLx1rGGnyEs/kFnhiw6dCgcDqMr5PQ=="],

    "@types/minimatch": ["@types/minimatch@5.1.2", "", {}, "sha512-K0VQKziLUWkVKiRVrx4a40iPaxTUefQmjtkQofBkYRcoaaL/8rhwDWww9qWbrgicNOgnpIsMxyNIUM4+n6dUIA=="],

    "@types/ndarray": ["@types/ndarray@1.1.0", "", {}, "sha512-go+C6vHBUuO9jH6Tj6qEZ63JEGoMSxFdmd+6QAtthGD6xumBfIz3RbNDDs2aoRVLf9naH8lk5jnWy2UHHKgYQQ=="],

    "@types/node": ["@types/node@26.6.3", "", { "dependencies": { "undici-types": "~8.9.0" } }, "sha512-dsqMQQoeTLqu9wynDD00q573mNzso3IdQOAfHRJqLCcmCFPoGo9A1bDpUcv/9tnKpErQWv9uKeGfl37EIS02Yg=="],

    "@types/prompts": ["@types/prompts@2.4.9", "", { "dependencies": { "@types/node": "*", "kleur": "^3.0.3" } }, "sha512-qTxFi6Buiu8+50/+3DGIWLHM6QuWsEKugJnnP6iv2Mc4ncxE4A/OJkjuVOA+5X0X1S/nq5VJRa8Lu+nwcvbrKA=="],

    "@types/stats.js": ["@types/stats.js@0.17.4", "", {}, "sha512-jIBvWWShCvlBqBNIZt0KAshWpvSjhkwkEu4ZUcASoAvhmrgAUI2t1dXrjSL4xXVLB4FznPrIsX3nKXFl/Dt4vA=="],

    "@types/table": ["@types/table@5.0.0", "", {}, "sha512-fQLtGLZXor264zUPWI95WNDsZ3QV43/c0lJpR/h1hhLJumXRmHNsrvBfEzW2YMhb0EWCsn4U6h82IgwsajAuTA=="],

    "@types/three": ["@types/three@0.186.0", "", { "dependencies": { "@dimforge/rapier3d-compat": "~0.12.0", "@tweenjs/tween.js": "~23.1.3", "@types/stats.js": "*", "@types/webxr": ">=0.5.17", "fflate": "~0.8.3", "meshoptimizer": "~1.1.1" } }, "sha512-mxYSBpDC+D0pLfSP6sW4WZTcT+nrtmZcimMqnVmy36Hte3XpeYSrvgg4TRdaM1GemGog1AWzI5qL2VoIfMXbJQ=="],

    "@types/tmp": ["@types/tmp@0.2.6", "", {}, "sha512-chhaNf2oKHlRkDGt+tiKE2Z5aJ6qalm7Z9rlLdBwmOiAAf09YQvvoLXjWK4HWPF1xU/fqvMgfNfpVoBscA/tKA=="],

    "@types/triple-beam": ["@types/triple-beam@1.3.5", "", {}, "sha512-6WaYesThRMCl19iryMYP7/x2OVgCtbIVflDGFpWnb9irXI3UjYE4AzmYuiUKY1AJstGijoY+MgUszMgRxIYTYw=="],

    "@types/webxr": ["@types/webxr@0.5.24", "", {}, "sha512-h8fgEd/DpoS9CBrjEQXR+dIDraopAEfu4wYVNY2tEPwk60stPWhvZMf4Foo5FakuQ7HFZoa8WceaWFervK2Ovg=="],

    "@types/wrap-ansi": ["@types/wrap-ansi@8.1.0", "", { "dependencies": { "wrap-ansi": "*" } }, "sha512-Pt0qXwu5s9KKODY8bB93mwgOsUvkCOGt//kvHGMaUZi0u//Yge5X5/iME08eSU+Oxf9sZlwAFaJwORDSIjd8pw=="],

    "ajv": ["ajv@6.15.0", "", { "dependencies": { "fast-deep-equal": "^3.1.1", "fast-json-stable-stringify": "^2.0.0", "json-schema-traverse": "^0.4.1", "uri-js": "^4.2.2" } }, "sha512-fgFx7Hfoq60ytK2c7DhnF8jIvzYgOMxfugjLOSMHjLIPgenqa7S7oaagATUq99mV6IYvN2tRmC0wnTYX6iPbMw=="],

    "ansi-escapes": ["ansi-escapes@7.3.0", "", { "dependencies": { "environment": "^1.0.0" } }, "sha512-BvU8nYgGQBxcmMuEeUEmNTvrMVjJNSH7RgW24vXexN4Ven6qCvy4TntnvlnwnMLTVlcRQQdbRY8NKnaIoeWDNg=="],

    "ansi-regex": ["ansi-regex@6.4.0", "", {}, "sha512-KzTVk2tCWAHtYrvvvaP8bJKJq2pVinhLcGEQdtLIYPbmNGNyYe8QwNaTUYQp2J7/vIsUKt5QCqAfUkYyG9DkOw=="],

    "ansi-styles": ["ansi-styles@4.3.0", "", { "dependencies": { "color-convert": "^2.0.1" } }, "sha512-zbB9rCJAT1rbjiVDb2hqKFHNYLxgtk8NURxZ3IZwD3F6NtxbXZQCnnSi1Lkx+IDohdPlFp222wVALIheZJQSEg=="],

    "astral-regex": ["astral-regex@1.0.0", "", {}, "sha512-+Ryf6g3BKoRc7jfp7ad8tM4TtMiaWvbF/1/sQcZPkkS7ag3D5nMBCe2UfOTONtAkaG0tO0ij3C5Lwmf1EiyjHg=="],

    "async": ["async@3.2.6", "", {}, "sha512-htCUDlxyyCLMgaM3xXg0C0LW2xqfuQ6p05pCEIsXuyQ+a1koYKTuBMzRNwmybfLgvJDMd0r1LTn4+E0Ti6C2AA=="],

    "balanced-match": ["balanced-match@1.0.2", "", {}, "sha512-3oSeUO0TMV67hN1AmbXsK4yaqU7tjiHlbxRDZOpH0KW9+CeX4bRAaX0Anxt0tx2MrpRpWwQaPwIlISEJhYU5Pw=="],

    "brace-expansion": ["brace-expansion@2.1.7", "", { "dependencies": { "balanced-match": "^1.0.0" } }, "sha512-uZbew1NqdmPDTMJ8ah1y+b+9QEJrfkXFk3RcTQw3X0jW/xRUvFKsg1CfQdSYGdTbXZWExtU3J3ccxtnfw1Fi0g=="],

    "braces": ["braces@3.0.3", "", { "dependencies": { "fill-range": "^7.1.1" } }, "sha512-yQbXgO/OSZVD2IsiLlro+7Hf6Q18EJrKSEsdoMzKePKXct3gvD8oLcOQdIzGupr5Fj+EDe8gO/lxc1BzfMpxvA=="],

    "bun-types": ["bun-types@1.4.1", "", { "dependencies": { "@types/node": "*" } }, "sha512-loKuVrAFZKfEv+JvWkHRS9GW5IqLuLRjVXN9p+vZvBN86O5hf/pBZQ5hSoyipsrMmWObZBDvWnlmKvjKTM0PdA=="],

    "chalk": ["chalk@3.0.0", "", { "dependencies": { "ansi-styles": "^4.1.0", "supports-color": "^7.1.0" } }, "sha512-4D3B6Wf41KOYRFdszmDqMCGq5VV/uMAB273JILmO+3jAlh8X4qDtdtgCR3fxtbLEMzSx22QdhnDcJvu2u1fVwg=="],

    "cli-cursor": ["cli-cursor@5.0.0", "", { "dependencies": { "restore-cursor": "^5.0.0" } }, "sha512-aCj4O5wKyszjMmDT4tZj93kxyydN/K5zPWSCe6/0AV/AA1pqe5ZBIw0a2ZfPQV7lL5/yb5HsUreJ6UFAF1tEQw=="],

    "cli-table3": ["cli-table3@0.6.5", "", { "dependencies": { "string-width": "^4.2.0" }, "optionalDependencies": { "@colors/colors": "1.5.0" } }, "sha512-+W/5efTR7y5HRD7gACw9yQjqMVvEMLBHmboM/kPWam+H+Hmyrgjh6YncVKK122YZkXrLudzTuAukUw9FnMf7IQ=="],

    "cli-truncate": ["cli-truncate@4.0.0", "", { "dependencies": { "slice-ansi": "^5.0.0", "string-width": "^7.0.0" } }, "sha512-nPdaFdQ0h/GEigbPClz11D0v/ZJEwxmeVZGeMo3Z5StPtUTkA9o1lD6QwoirYiSDzbcwn2XcjwmCp68W1IS4TA=="],

    "color": ["color@5.0.3", "", { "dependencies": { "color-convert": "^3.1.3", "color-string": "^2.1.3" } }, "sha512-ezmVcLR3xAVp8kYOm4GS45ZLLgIE6SPAFoduLr6hTDajwb3KZ2F46gulK3XpcwRFb5KKGCSezCBAY4Dw4HsyXA=="],

    "color-convert": ["color-convert@2.0.1", "", { "dependencies": { "color-name": "~1.1.4" } }, "sha512-RRECPsj7iu/xb5oKYcsFHSppFNnsj/52OVTRKb4zP5onXwVF3zVmmToNcOfGC+CRDpfK/U584fMg38ZHCaElKQ=="],

    "color-name": ["color-name@1.1.4", "", {}, "sha512-dOy+3AuW3a2wNbZHIuMZpTcgjGuLU/uBL/ubcZF9OXbDo8ff4O8yVp5Bf0efS8uEoYo5q4Fx7dY9OgQGXgAsQA=="],

    "color-string": ["color-string@2.1.4", "", { "dependencies": { "color-name": "^2.0.0" } }, "sha512-Bb6Cq8oq0IjDOe8wJmi4JeNn763Xs9cfrBcaylK1tPypWzyoy2G3l90v9k64kjphl/ZJjPIShFztenRomi8WTg=="],

    "colorette": ["colorette@2.0.20", "", {}, "sha512-IfEDxwoWIjkeXL1eXcDiow4UbKjhLdq6/EuSVR9GMN7KVH3r9gQ83e73hsz1Nd1T3ijd5xv1wcWRYO+D6kCI2w=="],

    "cross-spawn": ["cross-spawn@7.0.6", "", { "dependencies": { "path-key": "^3.1.0", "shebang-command": "^2.0.0", "which": "^2.0.1" } }, "sha512-uV2QOWP2nWzsy2aMp8aRibhi9dlzF5Hgh5SHaB9OiTGEyDTiJJyx0uy51QXdyWbtAHNua4XJzUKca3OzKUd3vA=="],

    "csv-stringify": ["csv-stringify@6.8.3", "", {}, "sha512-gIeSCvq5F4VtXV3naV3VAewLhBkiZBz+PPhTOA8H3Y8h/ELa+R1ml0GZck/4/Nzo9ep2lvOluilJ6MJlbZsKMA=="],

    "cwise-compiler": ["cwise-compiler@1.1.3", "", { "dependencies": { "uniq": "^1.0.0" } }, "sha512-WXlK/m+Di8DMMcCjcWr4i+XzcQra9eCdXIJrgh4TUgh0pIS/yJduLxS9JgefsHJ/YVLdgPtXm9r62W92MvanEQ=="],

    "detect-libc": ["detect-libc@2.1.2", "", {}, "sha512-Btj2BOOO83o3WyH59e8MgXsxEQVcarkUOpEYrubB0urwnN10yQ364rsiByU11nZlqWYZm05i/of7io4mzihBtQ=="],

    "draco3dgltf": ["draco3dgltf@1.5.7", "", {}, "sha512-LeqcpmoHIyYUi0z70/H3tMkGj8QhqVxq6FJGPjlzR24BNkQ6jyMheMvFKJBI0dzGZrEOUyQEmZ8axM1xRrbRiw=="],

    "eastasianwidth": ["eastasianwidth@0.2.0", "", {}, "sha512-I88TYZWc9XiYHRQ4/3c5rjjfgkjhLyW2luGIheGERbNQ6OY7yTybanSpDXZa8y7VUP9YmDcYa+eyq4ca7iLqWA=="],

    "emoji-regex": ["emoji-regex@8.0.0", "", {}, "sha512-MSjYzcWNOA0ewAHpz0MxpYFvwg6yjy1NG3xteoqz644VCo/RPgnr1/GGt+ic3iJTzQ8Eu3TdM14SawnVUmGE6A=="],

    "enabled": ["enabled@2.0.0", "", {}, "sha512-AKrN98kuwOzMIdAizXGI86UFBoo26CL21UM763y1h/GMSJ4/OHU9k2YlsmBpyScFo/wbLzWQJBMCW4+IO3/+OQ=="],

    "environment": ["environment@1.1.0", "", {}, "sha512-xUtoPkMggbz0MPyPiIWr1Kp4aeWJjDZ6SMvURhimjdZgsRuDplF5/s9hcgGhyXMhs+6vpnuoiZ2kFiu3FMnS8Q=="],

    "eventemitter3": ["eventemitter3@5.0.4", "", {}, "sha512-mlsTRyGaPBjPedk6Bvw+aqbsXDtoAyAzm5MO7JgU+yVRyMQ5O8bD4Kcci7BS85f93veegeCPkL8R4GLClnjLFw=="],

    "fast-deep-equal": ["fast-deep-equal@3.1.3", "", {}, "sha512-f3qQ9oQy9j2AhBe/H9VC91wLmKBCCU/gDOnKNAYG5hswO7BLKj09Hc5HYNz9cGI++xlpDCIgDaitVs03ATR84Q=="],

    "fast-json-stable-stringify": ["fast-json-stable-stringify@2.1.0", "", {}, "sha512-lhd/wF+Lk98HZoTCtlVraHtfh5XYijIjalXck7saUtuanSDyLMxnHhSXEDJqHxD7msR8D0uCmqlkwjCV8xvwHw=="],

    "fecha": ["fecha@4.2.3", "", {}, "sha512-OP2IUU6HeYKJi3i0z4A19kHMQoLVs4Hc+DPqqxI2h/DPZHTm/vjsfC6P0b4jCMy14XizLBqvndQ+UilD7707Jw=="],

    "fflate": ["fflate@0.8.3", "", {}, "sha512-tbZNuJrLwGUp3zshBtdy4W+ORxZuIh8a5ilyIEQDC5rY1f3U20JMry0Ll3WBzU58EZKsEuJFXhb5gwv8CsPvgA=="],

    "fill-range": ["fill-range@7.1.1", "", { "dependencies": { "to-regex-range": "^5.0.1" } }, "sha512-YsGpe3WHLK8ZYi4tWDg2Jy3ebRz2rXowDxnld4bkQB00cc/1Zw9AWnC0i9ztDJitivtQvaI9KaLyKrc+hBW0yg=="],

    "fn.name": ["fn.name@1.1.0", "", {}, "sha512-GRnmB5gPyJpAhTQdSZTSp9uaPSvl09KoYcMQtsB9rQoOmzs9dH6ffeccH+Z+cv6P68Hu5bC6JjRh4Ah/mHSNRw=="],

    "foreground-child": ["foreground-child@3.3.1", "", { "dependencies": { "cross-spawn": "^7.0.6", "signal-exit": "^4.0.1" } }, "sha512-gIXjKqtFuWEgzFRJA9WCQeSJLZDjgJUOMCMzxtvFq/37KojM1BFGufqsCy0r4qSQmYLsZYMeyRqzIWOMup03sw=="],

    "get-east-asian-width": ["get-east-asian-width@1.7.0", "", {}, "sha512-XjH1AECxf0giL2V1aU8vKyRR2ppRUb5c0EvT7zuJTokQ74bNo52zOtghqdWIqrhUD79fo3x0WfKZdOqxF6LG1Q=="],

    "glob": ["glob@10.5.0", "", { "dependencies": { "foreground-child": "^3.1.0", "jackspeak": "^3.1.2", "minimatch": "^9.0.4", "minipass": "^7.1.2", "package-json-from-dist": "^1.0.0", "path-scurry": "^1.11.1" }, "bin": { "glob": "dist/esm/bin.mjs" } }, "sha512-DfXN8DfhJ7NH3Oe7cFmu3NCu1wKbkReJ8TorzSAFbSKrlNaQSKfIzqYqVY8zlbs2NLBbWpRiU52GX2PbaBVNkg=="],

    "gltf-validator": ["gltf-validator@2.0.0-dev.3.10", "", {}, "sha512-odJ4k0tRkGXiDGn78yDBg+fBbAIvBnXxh3RwAta0emSxGtyagFE8B4xELB1oYe3S5RD8Ci3uZAsZaascH2LAEQ=="],

    "has-flag": ["has-flag@4.0.0", "", {}, "sha512-EykJT/Q1KjTWctppgIAgfSO0tKVuZUjhgMr17kqTumMl6Afv3EISleU7qZUzoXDFTAHTDC4NOoG/ZxU3EvlMPQ=="],

    "inherits": ["inherits@2.0.4", "", {}, "sha512-k/vGaX4/Yla3WzyMCvTQOXYeIHvqOKtnqBduzTHpzpQZzAskKMhZ2K+EnBiSM9zGSoIFeMpXKxa4dYeZIQqewQ=="],

    "inkjs": ["inkjs@2.4.0", "", { "bin": { "inkjs-compiler": "bin/inkjs-compiler.js" } }, "sha512-EoPCYESIbMtfI8SqEDZCJwn+A5is0QozMLw250iic1ReJCgZpRKIezWj0VqgRUzAx0f3MmEbsUjY/ILe2815JQ=="],

    "iota-array": ["iota-array@1.0.0", "", {}, "sha512-pZ2xT+LOHckCatGQ3DcG/a+QuEqvoxqkiL7tvE8nn3uuu+f6i1TtpB5/FtWFbxUuVr5PZCx8KskuGatbJDXOWA=="],

    "is-buffer": ["is-buffer@1.1.6", "", {}, "sha512-NcdALwpXkTm5Zvvbk7owOUSvVvBKDgKP5/ewfXEznmQFfs4ZRmanOeKBTjRVjka3QFoN6XJ+9F3USqfHqTaU5w=="],

    "is-fullwidth-code-point": ["is-fullwidth-code-point@3.0.0", "", {}, "sha512-zymm5+u+sCsSWyD9qNaejV3DFvhCKclKdizYaJUuHA83RLjb7nSuGnddCHGv0hk+KY7BMAlsWeK4Ueg6EV6XQg=="],

    "is-number": ["is-number@7.0.0", "", {}, "sha512-41Cifkg6e8TylSpdtTpeLVMqvSBEVzTttHvERD741+pnZ8ANv0004MRL43QKPDlK9cGvNp6NZWZUBlbGXYxxng=="],

    "is-stream": ["is-stream@2.0.1", "", {}, "sha512-hFoiJiTl63nn+kstHGBtewWSKnQLpyb155KHheA1l39uvtO9nWIop1p3udqPcUd/xbF1VLMO4n7OI6p7RbngDg=="],

    "isexe": ["isexe@2.0.0", "", {}, "sha512-RHxMLp9lnKHGHRng9QFhRCMbYAcVpn69smSGcq3f36xjgVVWThj4qqLbTLlq7Ssj8B+fIQ1EuCEGI2lKsyQeIw=="],

    "jackspeak": ["jackspeak@3.4.3", "", { "dependencies": { "@isaacs/cliui": "^8.0.2" }, "optionalDependencies": { "@pkgjs/parseargs": "^0.11.0" } }, "sha512-OGlZQpz2yfahA/Rd1Y8Cd9SIEsqvXkLVoSw/cgwhnhFMDbsQFeZYoJJ7bIZBS9BcamUW96asq/npPWugM+RQBw=="],

    "json-schema-traverse": ["json-schema-traverse@0.4.1", "", {}, "sha512-xbbCH5dCYU5T8LcEhhuh7HJ88HXuW3qsI3Y0zOZFKfZEHcpWiHU/Jxzk629Brsab/mMiHQti9wMP+845RPe3Vg=="],

    "keyframe-resample": ["keyframe-resample@0.1.0", "", {}, "sha512-z1au6Q6qCWP734q44t/5SyGwNydC7MvOWo2ZETAz7ZqAgtcyb5EGO7jwgk3DEH7CaDtb0DkGec9iwVpeDWX5dA=="],

    "kleur": ["kleur@3.0.3", "", {}, "sha512-eTIzlVOSUR+JxdDFepEYcBMtZ9Qqdef+rnzWdRZuMbOywu5tO2w2N7rqjoANZ5k9vywhL6Br1VRjUIgTQx4E8w=="],

    "ktx-parse": ["ktx-parse@1.1.0", "", {}, "sha512-mKp3y+FaYgR7mXWAbyyzpa/r1zDWeaunH+INJO4fou3hb45XuNSwar+7llrRyvpMWafxSIi99RNFJ05MHedaJQ=="],

    "kuler": ["kuler@2.0.0", "", {}, "sha512-Xq9nH7KlWZmXAtodXDDRE7vs6DU1gTU8zYDHDiWLSip45Egwq3plLHzPn27NgvzL2r1LMPC1vdqh98sQxtqj4A=="],

    "listr2": ["listr2@8.3.3", "", { "dependencies": { "cli-truncate": "^4.0.0", "colorette": "^2.0.20", "eventemitter3": "^5.0.1", "log-update": "^6.1.0", "rfdc": "^1.4.1", "wrap-ansi": "^9.0.0" } }, "sha512-LWzX2KsqcB1wqQ4AHgYb4RsDXauQiqhjLk+6hjbaeHG4zpjjVAB6wC/gz6X0l+Du1cN3pUB5ZlrvTbhGSNnUQQ=="],

    "lodash": ["lodash@4.18.1", "", {}, "sha512-dMInicTPVE8d1e5otfwmmjlxkZoUpiVLwyeTdUsi/Caj/gfzzblBcCE5sRHV/AsjuCmxWrte2TNGSYuCeCq+0Q=="],

    "log-update": ["log-update@6.1.0", "", { "dependencies": { "ansi-escapes": "^7.0.0", "cli-cursor": "^5.0.0", "slice-ansi": "^7.1.0", "strip-ansi": "^7.1.0", "wrap-ansi": "^9.0.0" } }, "sha512-9ie8ItPR6tjY5uYJh8K/Zrv/RMZ5VOlOWvtZdEHYSTFKZfIBPQa9tOAEeAWhd+AnIneLJ22w5fjOYtoutpWq5w=="],

    "logform": ["logform@2.7.0", "", { "dependencies": { "@colors/colors": "1.6.0", "@types/triple-beam": "^1.3.2", "fecha": "^4.2.0", "ms": "^2.1.1", "safe-stable-stringify": "^2.3.1", "triple-beam": "^1.3.0" } }, "sha512-TFYA4jnP7PVbmlBIfhlSe+WKxs9dklXMTEGcBCIvLhE/Tn3H6Gk1norupVW7m5Cnd4bLcr08AytbyV/xj7f/kQ=="],

    "lru-cache": ["lru-cache@10.4.3", "", {}, "sha512-JNAzZcXrCt42VGLuYz0zfAzDfAvJWW6AfYlDBQyDV5DClI2m5sAmK+OIO7s59XfsRsWHp02jAJrRadPRGTt6SQ=="],

    "meshoptimizer": ["meshoptimizer@1.2.0", "", {}, "sha512-davRZeIJbxJrE24cwQle7ZDsxjdk/OphNOV83oX+efQinyoHY9Jcyz3MHbaoG0qySZajldGztNZ1RN/T19PZsg=="],

    "micromatch": ["micromatch@4.0.8", "", { "dependencies": { "braces": "^3.0.3", "picomatch": "^2.3.1" } }, "sha512-PXwfBhYu0hBCPw8Dn0E+WDYb7af3dSLVWKi3HGv84IdF4TyFoC0ysxFd0Goxw7nSv4T/PzEJQxsYsEiFCKo2BA=="],

    "mikktspace": ["mikktspace@1.1.1", "", {}, "sha512-w+n5O2YLFsv/aRi3QUF0jxR+mEsl2J08ZkRItJHE08MWqiDIy8amyZN9vetBfbLhlWGMb8G3mzSPwtKHvBF7hQ=="],

    "mimic-function": ["mimic-function@5.0.1", "", {}, "sha512-VP79XUPxV2CigYP3jWwAUFSku2aKqBH7uTAapFWCBqutsbmDo96KY5o8uh6U+/YSIn5OxJnXp73beVkpqMIGhA=="],

    "minimatch": ["minimatch@9.0.9", "", { "dependencies": { "brace-expansion": "^2.0.2" } }, "sha512-OBwBN9AL4dqmETlpS2zasx+vTeWclWzkblfZk7KTA5j3jeOONz/tRCnZomUyvNg83wL5Zv9Ss6HMJXAgL8R2Yg=="],

    "minipass": ["minipass@7.1.3", "", {}, "sha512-tEBHqDnIoM/1rXME1zgka9g6Q2lcoCkxHLuc7ODJ5BxbP5d4c2Z5cGgtXAku59200Cx7diuHTOYfSBD8n6mm8A=="],

    "ms": ["ms@2.1.3", "", {}, "sha512-6FlzubTLZG3J2a/NVCAleEhjzq5oxgHyaCU9yYXvcLsvoVaHJq/s5xXI6/XXP6tz7R9xAOtHnSO/tXtF3WRTlA=="],

    "ndarray": ["ndarray@1.1.1", "", { "dependencies": { "iota-array": "^1.0.0", "is-buffer": "^1.0.2" } }, "sha512-AsE8w/M2MS+0pD3nP5qbRRtJFeJJJaJ+qXZaZr0XjVGXhy6LIj2TERTlkpdK2AI3WufoOP+pwPk3q2ilAJcZ9g=="],

    "ndarray-lanczos": ["ndarray-lanczos@0.3.0", "", { "dependencies": { "@types/ndarray": "^1.0.11", "ndarray": "^1.0.19" } }, "sha512-5kBmmG3Zvyj77qxIAC4QFLKuYdDIBJwCG+DukT6jQHNa1Ft74/hPH1z5mbQXeHBt8yvGPBGVrr3wEOdJPYYZYg=="],

    "ndarray-ops": ["ndarray-ops@1.2.2", "", { "dependencies": { "cwise-compiler": "^1.0.0" } }, "sha512-BppWAFRjMYF7N/r6Ie51q6D4fs0iiGmeXIACKY66fLpnwIui3Wc3CXiD/30mgLbDjPpSLrsqcp3Z62+IcHZsDw=="],

    "ndarray-pixels": ["ndarray-pixels@5.2.0", "", { "dependencies": { "@types/ndarray": "^1.0.14", "ndarray": "^1.0.19", "ndarray-ops": "^1.2.2", "sharp": "^0.35.0" } }, "sha512-lTh4tFKziAatVTa9crIsidUyn+lqujVOQpzfdBWvdFu2wo9Uo6z261lVX7SgMyP89xGmj3TMTPbbxl9YDnV4SA=="],

    "one-time": ["one-time@1.0.0", "", { "dependencies": { "fn.name": "1.x.x" } }, "sha512-5DXOiRKwuSEcQ/l0kGCF6Q3jcADFv5tSmRaJck/OqkVFcOzutB134KRSfF0xDrL39MNnqxbHBbUUcjZIhTgb2g=="],

    "onetime": ["onetime@7.0.0", "", { "dependencies": { "mimic-function": "^5.0.0" } }, "sha512-VXJjc87FScF88uafS3JllDgvAm+c/Slfz06lorj2uAY34rlUu0Nt+v8wreiImcrgAjjIHp1rXpTDlLOGw29WwQ=="],

    "package-json-from-dist": ["package-json-from-dist@1.0.1", "", {}, "sha512-UEZIS3/by4OC8vL3P2dTXRETpebLI2NiI5vIrjaD/5UtrkFX/tNbwjTSRAGC/+7CAo2pIcBaRgWmcBBHcsaCIw=="],

    "path-key": ["path-key@3.1.1", "", {}, "sha512-ojmeN0qd+y0jszEtoY48r0Peq5dwMEkIlCOu6Q5f41lfkswXuKtYrhgoTpLnyIcHm24Uhqx+5Tqm2InSwLhE6Q=="],

    "path-scurry": ["path-scurry@1.11.1", "", { "dependencies": { "lru-cache": "^10.2.0", "minipass": "^5.0.0 || ^6.0.2 || ^7.0.0" } }, "sha512-Xa4Nw17FS9ApQFJ9umLiJS4orGjm7ZzwUrwamcGQuHSzDyth9boKDaycYdDcZDuqYATXw4HFXgaqWTctW/v1HA=="],

    "picomatch": ["picomatch@2.3.2", "", {}, "sha512-V7+vQEJ06Z+c5tSye8S+nHUfI51xoXIXjHQ99cQtKUkQqqO1kO/KCJUfZXuB47h/YBlDhah2H3hdUGXn8ie0oA=="],

    "preact": ["preact@10.29.8", "", { "peerDependencies": { "preact-render-to-string": ">=5" }, "optionalPeers": ["preact-render-to-string"] }, "sha512-ej2aVZ+vZ8WO7tvlQWRM9N63A0KzF9q4mWJfDUHgYaIofWY9hu74QdnQrjoPMmZi2/nZ5gN0bJCQF49xQqx09Q=="],

    "prompts": ["prompts@2.4.2", "", { "dependencies": { "kleur": "^3.0.3", "sisteransi": "^1.0.5" } }, "sha512-NxNv/kLguCA7p3jE8oL2aEBsrJWgAakBpgmgK6lpPWV+WuOmY6r2/zbAVnP+T8bQlA0nzHXSJSJW0Hq7ylaD2Q=="],

    "property-graph": ["property-graph@4.1.0", "", {}, "sha512-AvPcP7XECNWy4LGmFQ77k7un4lSKM4eS29PTvW4ck95uYeLxXPWJM7hLuBqK91FaHqCcgJvIUCuNJjjxKE7VKQ=="],

    "punycode": ["punycode@2.3.1", "", {}, "sha512-vYt7UD1U9Wg6138shLtLOvdAu+8DsC/ilFtEVHcH+wydcSpNE20AfSOduf6MkRFahL5FY7X1oU7nKVZFtfq8Fg=="],

    "readable-stream": ["readable-stream@3.6.2", "", { "dependencies": { "inherits": "^2.0.3", "string_decoder": "^1.1.1", "util-deprecate": "^1.0.1" } }, "sha512-9u/sniCrY3D5WdsERHzHE4G2YCXqoG5FTHUiCC4SIbr6XcLZBY05ya9EKjYek9O5xOAwjGq+1JdGBAS7Q9ScoA=="],

    "restore-cursor": ["restore-cursor@5.1.0", "", { "dependencies": { "onetime": "^7.0.0", "signal-exit": "^4.1.0" } }, "sha512-oMA2dcrw6u0YfxJQXm342bFKX/E4sG9rbTzO9ptUcR/e8A33cHuvStiYOwH7fszkZlZ1z/ta9AAoPk2F4qIOHA=="],

    "rfdc": ["rfdc@1.4.1", "", {}, "sha512-q1b3N5QkRUWUl7iyylaaj3kOpIT0N2i9MqIEQXP73GVsN9cw3fdx8X63cEmWhJGi2PPCF23Ijp7ktmd39rawIA=="],

    "safe-buffer": ["safe-buffer@5.2.1", "", {}, "sha512-rp3So07KcdmmKbGvgaNxQSJr7bGVSVk5S9Eq1F+ppbRo70+YeaDxkw5Dd8NPN+GD6bjnYm2VuPuCXmpuYvmCXQ=="],

    "safe-stable-stringify": ["safe-stable-stringify@2.5.0", "", {}, "sha512-b3rppTKm9T+PsVCBEOUR46GWI7fdOs00VKZ1+9c1EWDaDMvjQc6tUwuFyIprgGgTcWoVHSKrU8H31ZHA2e0RHA=="],

    "semver": ["semver@7.8.5", "", { "bin": { "semver": "bin/semver.js" } }, "sha512-Y7/KDsb8LjooZpwaqGyulO6DQlksgCncchHGk+sZIY4SBvUocMBEFH5Ur1fI4dV+Jvl0w6cjvucaIi40puRioA=="],

    "sharp": ["sharp@0.35.5", "", { "dependencies": { "@img/colour": "^1.1.0", "detect-libc": "^2.1.2", "semver": "^7.8.5" }, "optionalDependencies": { "@img/sharp-darwin-arm64": "0.35.5", "@img/sharp-darwin-x64": "0.35.5", "@img/sharp-freebsd-wasm32": "0.35.5", "@img/sharp-libvips-darwin-arm64": "1.3.4", "@img/sharp-libvips-darwin-x64": "1.3.4", "@img/sharp-libvips-linux-arm": "1.3.4", "@img/sharp-libvips-linux-arm64": "1.3.4", "@img/sharp-libvips-linux-ppc64": "1.3.4", "@img/sharp-libvips-linux-riscv64": "1.3.4", "@img/sharp-libvips-linux-s390x": "1.3.4", "@img/sharp-libvips-linux-x64": "1.3.4", "@img/sharp-libvips-linuxmusl-arm64": "1.3.4", "@img/sharp-libvips-linuxmusl-x64": "1.3.4", "@img/sharp-linux-arm": "0.35.5", "@img/sharp-linux-arm64": "0.35.5", "@img/sharp-linux-ppc64": "0.35.5", "@img/sharp-linux-riscv64": "0.35.5", "@img/sharp-linux-s390x": "0.35.5", "@img/sharp-linux-x64": "0.35.5", "@img/sharp-linuxmusl-arm64": "0.35.5", "@img/sharp-linuxmusl-x64": "0.35.5", "@img/sharp-webcontainers-wasm32": "0.35.5", "@img/sharp-win32-arm64": "0.35.5", "@img/sharp-win32-ia32": "0.35.5", "@img/sharp-win32-x64": "0.35.5" }, "peerDependencies": { "@types/node": "*" }, "optionalPeers": ["@types/node"] }, "sha512-Ywn4OnzGukp7CDMrp08RQ50YKmuwG47brZgIVPTvBaaAfQlRlygrRqSrxdCiL9M+LlzLBiJ68IR1QqvzHyjC7g=="],

    "shebang-command": ["shebang-command@2.0.0", "", { "dependencies": { "shebang-regex": "^3.0.0" } }, "sha512-kHxr2zZpYtdmrN1qDjrrX/Z1rR1kG8Dx+gkpK1G4eXmvXswmcE1hTWBWYUzlraYw1/yZp6YuDY77YtvbN0dmDA=="],

    "shebang-regex": ["shebang-regex@3.0.0", "", {}, "sha512-7++dFhtcx3353uBaq8DDR4NuxBetBzC7ZQOhmTQInHEd6bSrXdiEyzCvG07Z44UYdLShWUyXt5M/yhz8ekcb1A=="],

    "signal-exit": ["signal-exit@4.1.0", "", {}, "sha512-bzyZ1e88w9O1iNJbKnOlvYTrWPDl46O1bG0D3XInv+9tkPrxrN8jUUTiFlDkkmKWgn1M6CfIA13SuGqOa9Korw=="],

    "sisteransi": ["sisteransi@1.0.5", "", {}, "sha512-bLGGlR1QxBcynn2d5YmDX4MGjlZvy2MRBDRNHLJ8VI6l6+9FUiyTFNJ0IveOSP0bcXgVDPRcfGqA0pjaqUpfVg=="],

    "slice-ansi": ["slice-ansi@2.1.0", "", { "dependencies": { "ansi-styles": "^3.2.0", "astral-regex": "^1.0.0", "is-fullwidth-code-point": "^2.0.0" } }, "sha512-Qu+VC3EwYLldKa1fCxuuvULvSJOKEgk9pi8dZeCVK7TqBfUNTH4sFkk4joj8afVSfAYgJoSOetjx9QWOJ5mYoQ=="],

    "stack-trace": ["stack-trace@0.0.10", "", {}, "sha512-KGzahc7puUKkzyMt+IqAep+TVNbKP+k2Lmwhub39m1AsTSkaDutx56aDCo+HLDzf/D26BIHTJWNiTG1KAJiQCg=="],

    "string-width": ["string-width@4.2.3", "", { "dependencies": { "emoji-regex": "^8.0.0", "is-fullwidth-code-point": "^3.0.0", "strip-ansi": "^6.0.1" } }, "sha512-wKyQRQpjJ0sIp62ErSZdGsjMJWsap5oRNihHhu6G7JVO/9jIB6UyevL+tXuOqrng8j/cxKTWyWUwvSTriiZz/g=="],

    "string-width-cjs": ["string-width@4.2.3", "", { "dependencies": { "emoji-regex": "^8.0.0", "is-fullwidth-code-point": "^3.0.0", "strip-ansi": "^6.0.1" } }, "sha512-wKyQRQpjJ0sIp62ErSZdGsjMJWsap5oRNihHhu6G7JVO/9jIB6UyevL+tXuOqrng8j/cxKTWyWUwvSTriiZz/g=="],

    "string_decoder": ["string_decoder@1.3.0", "", { "dependencies": { "safe-buffer": "~5.2.0" } }, "sha512-hkRX8U1WjJFd8LsDJ2yQ/wWWxaopEsABU1XfkM8A+j0+85JAGppt16cr1Whg6KIbb4okU6Mql6BOj+uup/wKeA=="],

    "strip-ansi": ["strip-ansi@7.2.0", "", { "dependencies": { "ansi-regex": "^6.2.2" } }, "sha512-yDPMNjp4WyfYBkHnjIRLfca1i6KMyGCtsVgoKe/z1+6vukgaENdgGBZt+ZmKPc4gavvEZ5OgHfHdrazhgNyG7w=="],

    "strip-ansi-cjs": ["strip-ansi@6.0.1", "", { "dependencies": { "ansi-regex": "^5.0.1" } }, "sha512-Y38VPSHcqkFrCpFnQ9vuSXmquuv5oXOKpGeT6aGrr3o3Gc9AlVa6JBfUSOCnbxGGZF+/0ooI7KrPuUSztUdU5A=="],

    "supports-color": ["supports-color@7.2.0", "", { "dependencies": { "has-flag": "^4.0.0" } }, "sha512-qpCAvRl9stuOHveKsn7HncJRvv501qIacKzQlO/+Lwxc9+0q2wLyv4Dfvt80/DPn2pqOBsJdDiogXGR9+OvwRw=="],

    "table": ["table@5.4.6", "", { "dependencies": { "ajv": "^6.10.2", "lodash": "^4.17.14", "slice-ansi": "^2.1.0", "string-width": "^3.0.0" } }, "sha512-wmEc8m4fjnob4gt5riFRtTu/6+4rSe12TpAELNSqHMfF3IqnA+CH37USM6/YR3qRZv7e56kAEAtd6nKZaxe0Ug=="],

    "text-hex": ["text-hex@1.0.0", "", {}, "sha512-uuVGNWzgJ4yhRaNSiubPY7OjISw4sw4E5Uv0wbjp+OzcbmVU/rsT8ujgcXJhn9ypzsgr5vlzpPqP+MBBKcGvbg=="],

    "three": ["three@0.186.1", "", {}, "sha512-blFeqb49wRCSGUGj7gtpfnSGHy2lwDk94RhUmS1c/hTby70kvChbWpkJ4Pm1390LqzzvTmzgXKHPEafJwCb8jA=="],

    "tmp": ["tmp@0.2.7", "", {}, "sha512-e0votIpp4Uo2AJYSzVHV6xCcawuiez3DzqDAbrTc3YxBkplN6e+dM13ZeIcZnDg/QpSuU2zfZ3rzwY8ukEnaXw=="],

    "to-regex-range": ["to-regex-range@5.0.1", "", { "dependencies": { "is-number": "^7.0.0" } }, "sha512-65P7iz6X5yEr1cwcgvQxbbIw7Uk3gOy5dIdtZ4rDveLqhrdJP+Li/Hx6tyK0NEb+2GCyneCMJiGqrADCSNk8sQ=="],

    "triple-beam": ["triple-beam@1.4.1", "", {}, "sha512-aZbgViZrg1QNcG+LULa7nhZpJTZSLm/mXnHXnbAbjmN5aSa0y7V+wvv6+4WaBtpISJzThKy+PIPxc1Nq1EJ9mg=="],

    "tslib": ["tslib@2.8.1", "", {}, "sha512-oJFu94HQb+KVduSUQL7wnpmqnfmLsOA/nAh6b6EH0wCEoK0/mPeXU6c3wKDV83MkOuHPRHtSXKKU99IBazS/2w=="],

    "typescript": ["typescript@5.9.3", "", { "bin": { "tsc": "bin/tsc", "tsserver": "bin/tsserver" } }, "sha512-jl1vZzPDinLr9eUt3J/t7V6FgNEw9QjvBPdysz9KfQDD41fQrC2Y4vKQdiaUpFT4bXlb1RHhLpp8wtm6M5TgSw=="],

    "undici-types": ["undici-types@8.9.0", "", {}, "sha512-KTDyRTYX8sWmKXAikPHHSyc63CRPETMctyjKFupcC6OBLXT3xsN0e9aF7m+mIXutFWpUXuedtowG7iLOzp0kQg=="],

    "uniq": ["uniq@1.0.1", "", {}, "sha512-Gw+zz50YNKPDKXs+9d+aKAjVwpjNwqzvNpLigIruT4HA9lMZNdMqs9x07kKHB/L9WRzqp4+DlTU5s4wG2esdoA=="],

    "uri-js": ["uri-js@4.4.1", "", { "dependencies": { "punycode": "^2.1.0" } }, "sha512-7rKUyy33Q1yc98pQ1DAmLtwX109F7TIfWlW1Ydo8Wl1ii1SeHieeh0HHfPeL2fMXK6z0s8ecKs9frCuLJvndBg=="],

    "util-deprecate": ["util-deprecate@1.0.2", "", {}, "sha512-EPD5q1uXyFxJpCrLnCc1nHnq3gOa6DZBocAIiI2TaSCA7VCJ1UJDMagCzIkXNsUYfD1daK//LTEQ8xiIbrHtcw=="],

    "watlas": ["watlas@1.0.1", "", {}, "sha512-TmB++BFqEQY19cPNby5iszACZd8t6uauB7YdObkqhWarhed79OMPS8wufoDSo0p85A/8QW/aqZwEJf+nD4emSw=="],

    "which": ["which@2.0.2", "", { "dependencies": { "isexe": "^2.0.0" }, "bin": { "node-which": "./bin/node-which" } }, "sha512-BLI3Tl1TW3Pvl70l3yq3Y64i+awpwXqsGBYWkkqMtnbXgrMD+yj7rhW0kuEDxzJaYXGjEW5ogapKNMEKNMjibA=="],

    "winston": ["winston@3.10.0", "", { "dependencies": { "@colors/colors": "1.5.0", "@dabh/diagnostics": "^2.0.2", "async": "^3.2.3", "is-stream": "^2.0.0", "logform": "^2.4.0", "one-time": "^1.0.0", "readable-stream": "^3.4.0", "safe-stable-stringify": "^2.3.1", "stack-trace": "0.0.x", "triple-beam": "^1.3.0", "winston-transport": "^4.5.0" } }, "sha512-nT6SIDaE9B7ZRO0u3UvdrimG0HkB7dSTAgInQnNR2SOPJ4bvq5q79+pXLftKmP52lJGW15+H5MCK0nM9D3KB/g=="],

    "winston-transport": ["winston-transport@4.9.0", "", { "dependencies": { "logform": "^2.7.0", "readable-stream": "^3.6.2", "triple-beam": "^1.3.0" } }, "sha512-8drMJ4rkgaPo1Me4zD/3WLfI/zPdA9o2IipKODunnGDcuqbHwjsbB79ylv04LCGGzU0xQ6vTznOMpQGaLhhm6A=="],

    "wrap-ansi": ["wrap-ansi@8.1.0", "", { "dependencies": { "ansi-styles": "^6.1.0", "string-width": "^5.0.1", "strip-ansi": "^7.0.1" } }, "sha512-si7QWI6zUMq56bESFvagtmzMdGOtoxfR+Sez11Mobfc7tm+VkUckk9bW2UeffTGVUbOksxmSw0AA2gs8g71NCQ=="],

    "wrap-ansi-cjs": ["wrap-ansi@7.0.0", "", { "dependencies": { "ansi-styles": "^4.0.0", "string-width": "^4.1.0", "strip-ansi": "^6.0.0" } }, "sha512-YVGIj2kamLSTxw6NsZjoBxfSwsn0ycdesmc4p+Q21c5zPuZ1pl+NfxVdxPtdHvmNVOQ6XSYG4AUtyt/Fi7D16Q=="],

    "zod": ["zod@4.1.12", "", {}, "sha512-JInaHOamG8pt5+Ey8kGmdcAcg3OL9reK8ltczgHTAwNhMys/6ThXHityHxVV2p3fkw/c+MAvBHFVYHFZDmjMCQ=="],

    "@donmccurdy/caporal/@types/node": ["@types/node@20.5.6", "", {}, "sha512-Gi5wRGPbbyOTX+4Y2iULQ27oUPrefaB0PxGQJnfyWN3kvEDGM3mIB5M/gQLmitZf7A9FmLeaqxD3L1CXpm3VKQ=="],

    "@isaacs/cliui/string-width": ["string-width@5.1.2", "", { "dependencies": { "eastasianwidth": "^0.2.0", "emoji-regex": "^9.2.2", "strip-ansi": "^7.0.1" } }, "sha512-HnLOCR3vjcY8beoNLtcjZ5/nxn2afmME6lhrDrebokqMap+XbeW8n9TXpPDOqdGK5qcI3oT0GKTW6wC7EMiVqA=="],

    "@types/three/meshoptimizer": ["meshoptimizer@1.1.1", "", {}, "sha512-oRFNWJRDA/WTrVj7NWvqa5HqE1t9MYDj2VaWirQCzCCrAd2GHrqR/sQezCxiWATPNlKTcRaPRHPJwIRoPBAp5g=="],

    "@types/wrap-ansi/wrap-ansi": ["wrap-ansi@10.0.2", "", { "dependencies": { "ansi-styles": "^6.2.3", "string-width": "^8.2.0" } }, "sha512-6OLRNZqRntVGBm26ghZ5eZhCuWWyOkRCSn8XsOIuq5stpCE/tjLbdozd93naILZig0lmD8ANfRwnhn0DLeXGlg=="],

    "cli-truncate/slice-ansi": ["slice-ansi@5.0.0", "", { "dependencies": { "ansi-styles": "^6.0.0", "is-fullwidth-code-point": "^4.0.0" } }, "sha512-FC+lgizVPfie0kkhqUScwRu1O/lF6NOgJmlCgK+/LYxDCTk8sGelYaHDhFcDN+Sn3Cv+3VSa4Byeo+IMCzpMgQ=="],

    "cli-truncate/string-width": ["string-width@7.2.0", "", { "dependencies": { "emoji-regex": "^10.3.0", "get-east-asian-width": "^1.0.0", "strip-ansi": "^7.1.0" } }, "sha512-tsaTIkKW9b4N+AEj+SVA+WhJzV7/zMhcSu78mLKWSk7cXMOSHsBKFWUs0fWwq8QyK3MgJBQRX6Gbi4kYbdvGkQ=="],

    "color/color-convert": ["color-convert@3.1.3", "", { "dependencies": { "color-name": "^2.0.0" } }, "sha512-fasDH2ont2GqF5HpyO4w0+BcewlhHEZOFn9c1ckZdHpJ56Qb7MHhH/IcJZbBGgvdtwdwNbLvxiBEdg336iA9Sg=="],

    "color-string/color-name": ["color-name@2.1.1", "", {}, "sha512-p2FdgwVx1a9yWBHP2wI0VgShkDpgN4kZISkxdNipGBJWpa5G6b04OINlVWCyJj0JmfvcPrgqt95E9k8yvaOJFg=="],

    "listr2/wrap-ansi": ["wrap-ansi@9.0.2", "", { "dependencies": { "ansi-styles": "^6.2.1", "string-width": "^7.0.0", "strip-ansi": "^7.1.0" } }, "sha512-42AtmgqjV+X1VpdOfyTGOYRi0/zsoLqtXQckTmqTeybT+BDIbM/Guxo7x3pE2vtpr1ok6xRqM9OpBe+Jyoqyww=="],

    "log-update/slice-ansi": ["slice-ansi@7.1.2", "", { "dependencies": { "ansi-styles": "^6.2.1", "is-fullwidth-code-point": "^5.0.0" } }, "sha512-iOBWFgUX7caIZiuutICxVgX1SdxwAVFFKwt1EvMYYec/NWO5meOJ6K5uQxhrYBdQJne4KxiqZc+KptFOWFSI9w=="],

    "log-update/wrap-ansi": ["wrap-ansi@9.0.2", "", { "dependencies": { "ansi-styles": "^6.2.1", "string-width": "^7.0.0", "strip-ansi": "^7.1.0" } }, "sha512-42AtmgqjV+X1VpdOfyTGOYRi0/zsoLqtXQckTmqTeybT+BDIbM/Guxo7x3pE2vtpr1ok6xRqM9OpBe+Jyoqyww=="],

    "logform/@colors/colors": ["@colors/colors@1.6.0", "", {}, "sha512-Ir+AOibqzrIsL6ajt3Rz3LskB7OiMVHqltZmspbW/TJuTVuyOMirVqAkjfY6JISiLHgyNqicAC8AyHHGzNd/dA=="],

    "slice-ansi/ansi-styles": ["ansi-styles@3.2.1", "", { "dependencies": { "color-convert": "^1.9.0" } }, "sha512-VT0ZI6kZRdTh8YyJw3SMbYm/u+NqfsAxEpWO0Pf9sq8/e94WxxOpPKx9FR1FlyCtOVDNOQ+8ntlqFxiRc+r5qA=="],

    "slice-ansi/is-fullwidth-code-point": ["is-fullwidth-code-point@2.0.0", "", {}, "sha512-VHskAKYM8RfSFXwee5t5cbN5PZeq1Wrh6qd5bkyiXIf6UQcN6w/A0eXM9r6t8d+GYOh+o6ZhiEnb88LN/Y8m2w=="],

    "string-width/strip-ansi": ["strip-ansi@6.0.1", "", { "dependencies": { "ansi-regex": "^5.0.1" } }, "sha512-Y38VPSHcqkFrCpFnQ9vuSXmquuv5oXOKpGeT6aGrr3o3Gc9AlVa6JBfUSOCnbxGGZF+/0ooI7KrPuUSztUdU5A=="],

    "string-width-cjs/strip-ansi": ["strip-ansi@6.0.1", "", { "dependencies": { "ansi-regex": "^5.0.1" } }, "sha512-Y38VPSHcqkFrCpFnQ9vuSXmquuv5oXOKpGeT6aGrr3o3Gc9AlVa6JBfUSOCnbxGGZF+/0ooI7KrPuUSztUdU5A=="],

    "strip-ansi-cjs/ansi-regex": ["ansi-regex@5.0.1", "", {}, "sha512-quJQXlTSUGL2LH9SUXo8VwsY4soanhgo6LNSm84E1LBcE8s3O0wpdiRzyR9z/ZZJMlMWv37qOOb9pdJlMUEKFQ=="],

    "table/string-width": ["string-width@3.1.0", "", { "dependencies": { "emoji-regex": "^7.0.1", "is-fullwidth-code-point": "^2.0.0", "strip-ansi": "^5.1.0" } }, "sha512-vafcv6KjVZKSgz06oM/H6GDBrAtz8vdhQakGjFIvNrHA6y3HCF1CInLy+QLq8dTJPQ1b+KDUqDFctkdRW44e1w=="],

    "wrap-ansi/ansi-styles": ["ansi-styles@6.2.3", "", {}, "sha512-4Dj6M28JB+oAH8kFkTLUo+a2jwOFkuqb3yucU0CANcRRUbxS0cP0nZYCGjcc3BNXwRIsUVmDGgzawme7zvJHvg=="],

    "wrap-ansi/string-width": ["string-width@5.1.2", "", { "dependencies": { "eastasianwidth": "^0.2.0", "emoji-regex": "^9.2.2", "strip-ansi": "^7.0.1" } }, "sha512-HnLOCR3vjcY8beoNLtcjZ5/nxn2afmME6lhrDrebokqMap+XbeW8n9TXpPDOqdGK5qcI3oT0GKTW6wC7EMiVqA=="],

    "wrap-ansi-cjs/strip-ansi": ["strip-ansi@6.0.1", "", { "dependencies": { "ansi-regex": "^5.0.1" } }, "sha512-Y38VPSHcqkFrCpFnQ9vuSXmquuv5oXOKpGeT6aGrr3o3Gc9AlVa6JBfUSOCnbxGGZF+/0ooI7KrPuUSztUdU5A=="],

    "@isaacs/cliui/string-width/emoji-regex": ["emoji-regex@9.2.2", "", {}, "sha512-L18DaJsXSUk2+42pv8mLs5jJT2hqFkFE4j21wOmgbUqsZ2hL72NsUU785g9RXgo3s0ZNgVl42TiHp3ZtOv/Vyg=="],

    "@types/wrap-ansi/wrap-ansi/ansi-styles": ["ansi-styles@6.2.3", "", {}, "sha512-4Dj6M28JB+oAH8kFkTLUo+a2jwOFkuqb3yucU0CANcRRUbxS0cP0nZYCGjcc3BNXwRIsUVmDGgzawme7zvJHvg=="],

    "@types/wrap-ansi/wrap-ansi/string-width": ["string-width@8.3.0", "", { "dependencies": { "get-east-asian-width": "^1.5.0", "strip-ansi": "^7.1.2" } }, "sha512-ZbmZM0JCihQN91dWnxoipT2KOEyHqEyfRXUyjuRhW8b/xnqPDoq4gWEVApTVa9db2wN8mmoikgFBbjh71+cGeQ=="],

    "cli-truncate/slice-ansi/ansi-styles": ["ansi-styles@6.2.3", "", {}, "sha512-4Dj6M28JB+oAH8kFkTLUo+a2jwOFkuqb3yucU0CANcRRUbxS0cP0nZYCGjcc3BNXwRIsUVmDGgzawme7zvJHvg=="],

    "cli-truncate/slice-ansi/is-fullwidth-code-point": ["is-fullwidth-code-point@4.0.0", "", {}, "sha512-O4L094N2/dZ7xqVdrXhh9r1KODPJpFms8B5sGdJLPy664AgvXsreZUyCQQNItZRDlYug4xStLjNp/sz3HvBowQ=="],

    "cli-truncate/string-width/emoji-regex": ["emoji-regex@10.6.0", "", {}, "sha512-toUI84YS5YmxW219erniWD0CIVOo46xGKColeNQRgOzDorgBi1v4D71/OFzgD9GO2UGKIv1C3Sp8DAn0+j5w7A=="],

    "color/color-convert/color-name": ["color-name@2.1.1", "", {}, "sha512-p2FdgwVx1a9yWBHP2wI0VgShkDpgN4kZISkxdNipGBJWpa5G6b04OINlVWCyJj0JmfvcPrgqt95E9k8yvaOJFg=="],

    "listr2/wrap-ansi/ansi-styles": ["ansi-styles@6.2.3", "", {}, "sha512-4Dj6M28JB+oAH8kFkTLUo+a2jwOFkuqb3yucU0CANcRRUbxS0cP0nZYCGjcc3BNXwRIsUVmDGgzawme7zvJHvg=="],

    "listr2/wrap-ansi/string-width": ["string-width@7.2.0", "", { "dependencies": { "emoji-regex": "^10.3.0", "get-east-asian-width": "^1.0.0", "strip-ansi": "^7.1.0" } }, "sha512-tsaTIkKW9b4N+AEj+SVA+WhJzV7/zMhcSu78mLKWSk7cXMOSHsBKFWUs0fWwq8QyK3MgJBQRX6Gbi4kYbdvGkQ=="],

    "log-update/slice-ansi/ansi-styles": ["ansi-styles@6.2.3", "", {}, "sha512-4Dj6M28JB+oAH8kFkTLUo+a2jwOFkuqb3yucU0CANcRRUbxS0cP0nZYCGjcc3BNXwRIsUVmDGgzawme7zvJHvg=="],

    "log-update/slice-ansi/is-fullwidth-code-point": ["is-fullwidth-code-point@5.1.0", "", { "dependencies": { "get-east-asian-width": "^1.3.1" } }, "sha512-5XHYaSyiqADb4RnZ1Bdad6cPp8Toise4TzEjcOYDHZkTCbKgiUl7WTUCpNWHuxmDt91wnsZBc9xinNzopv3JMQ=="],

    "log-update/wrap-ansi/ansi-styles": ["ansi-styles@6.2.3", "", {}, "sha512-4Dj6M28JB+oAH8kFkTLUo+a2jwOFkuqb3yucU0CANcRRUbxS0cP0nZYCGjcc3BNXwRIsUVmDGgzawme7zvJHvg=="],

    "log-update/wrap-ansi/string-width": ["string-width@7.2.0", "", { "dependencies": { "emoji-regex": "^10.3.0", "get-east-asian-width": "^1.0.0", "strip-ansi": "^7.1.0" } }, "sha512-tsaTIkKW9b4N+AEj+SVA+WhJzV7/zMhcSu78mLKWSk7cXMOSHsBKFWUs0fWwq8QyK3MgJBQRX6Gbi4kYbdvGkQ=="],

    "slice-ansi/ansi-styles/color-convert": ["color-convert@1.9.3", "", { "dependencies": { "color-name": "1.1.3" } }, "sha512-QfAUtd+vFdAtFQcC8CCyYt1fYWxSqAiK2cSD6zDB8N3cpsEBAvRxp9zOGg6G/SHHJYAT88/az/IuDGALsNVbGg=="],

    "string-width-cjs/strip-ansi/ansi-regex": ["ansi-regex@5.0.1", "", {}, "sha512-quJQXlTSUGL2LH9SUXo8VwsY4soanhgo6LNSm84E1LBcE8s3O0wpdiRzyR9z/ZZJMlMWv37qOOb9pdJlMUEKFQ=="],

    "string-width/strip-ansi/ansi-regex": ["ansi-regex@5.0.1", "", {}, "sha512-quJQXlTSUGL2LH9SUXo8VwsY4soanhgo6LNSm84E1LBcE8s3O0wpdiRzyR9z/ZZJMlMWv37qOOb9pdJlMUEKFQ=="],

    "table/string-width/emoji-regex": ["emoji-regex@7.0.3", "", {}, "sha512-CwBLREIQ7LvYFB0WyRvwhq5N5qPhc6PMjD6bYggFlI5YyDgl+0vxq5VHbMOFqLg7hfWzmu8T5Z1QofhmTIhItA=="],

    "table/string-width/is-fullwidth-code-point": ["is-fullwidth-code-point@2.0.0", "", {}, "sha512-VHskAKYM8RfSFXwee5t5cbN5PZeq1Wrh6qd5bkyiXIf6UQcN6w/A0eXM9r6t8d+GYOh+o6ZhiEnb88LN/Y8m2w=="],

    "table/string-width/strip-ansi": ["strip-ansi@5.2.0", "", { "dependencies": { "ansi-regex": "^4.1.0" } }, "sha512-DuRs1gKbBqsMKIZlrffwlug8MHkcnpjs5VPmL1PAh+mA30U0DTotfDZ0d2UUsXpPmPmMMJ6W773MaA3J+lbiWA=="],

    "wrap-ansi-cjs/strip-ansi/ansi-regex": ["ansi-regex@5.0.1", "", {}, "sha512-quJQXlTSUGL2LH9SUXo8VwsY4soanhgo6LNSm84E1LBcE8s3O0wpdiRzyR9z/ZZJMlMWv37qOOb9pdJlMUEKFQ=="],

    "wrap-ansi/string-width/emoji-regex": ["emoji-regex@9.2.2", "", {}, "sha512-L18DaJsXSUk2+42pv8mLs5jJT2hqFkFE4j21wOmgbUqsZ2hL72NsUU785g9RXgo3s0ZNgVl42TiHp3ZtOv/Vyg=="],

    "listr2/wrap-ansi/string-width/emoji-regex": ["emoji-regex@10.6.0", "", {}, "sha512-toUI84YS5YmxW219erniWD0CIVOo46xGKColeNQRgOzDorgBi1v4D71/OFzgD9GO2UGKIv1C3Sp8DAn0+j5w7A=="],

    "log-update/wrap-ansi/string-width/emoji-regex": ["emoji-regex@10.6.0", "", {}, "sha512-toUI84YS5YmxW219erniWD0CIVOo46xGKColeNQRgOzDorgBi1v4D71/OFzgD9GO2UGKIv1C3Sp8DAn0+j5w7A=="],

    "slice-ansi/ansi-styles/color-convert/color-name": ["color-name@1.1.3", "", {}, "sha512-72fSenhMw2HZMTVHeCA9KCmpEIbzWiQsjN+BHcBbS9vr1mtt+vJjPdksIBNUmKAW8TFUDPJK5SUU3QhE9NEXDw=="],

    "table/string-width/strip-ansi/ansi-regex": ["ansi-regex@4.1.1", "", {}, "sha512-ILlv4k/3f6vfQ4OoP2AGvirOktlQ98ZEL1k9FaQjxa3L1abBgbuTDAdPOpvbGncC0BTVQrl+OM8xZGK6tWXt7g=="],
  }
}
